// !$*UTF8*$!
{
	archiveVersion = 1;
	classes = {
	};
	objectVersion = 46;
	objects = {

/* Begin PBXBuildFile section */
		67EB931F1EC14CA600977B8D /* AppDelegate.swift in Sources */ = {isa = PBXBuildFile; fileRef = 67EB931E1EC14CA600977B8D /* AppDelegate.swift */; };
		67EB93211EC14CA600977B8D /* ViewController.swift in Sources */ = {isa = PBXBuildFile; fileRef = 67EB93201EC14CA600977B8D /* ViewController.swift */; };
		67EB93241EC14CA600977B8D /* Main.storyboard in Resources */ = {isa = PBXBuildFile; fileRef = 67EB93221EC14CA600977B8D /* Main.storyboard */; };
		67EB93261EC14CA600977B8D /* Assets.xcassets in Resources */ = {isa = PBXBuildFile; fileRef = 67EB93251EC14CA600977B8D /* Assets.xcassets */; };
		67EB93291EC14CA600977B8D /* LaunchScreen.storyboard in Resources */ = {isa = PBXBuildFile; fileRef = 67EB93271EC14CA600977B8D /* LaunchScreen.storyboard */; };
/* End PBXBuildFile section */

/* Begin PBXFileReference section */
		67EB931B1EC14CA600977B8D /* Lit.app */ = {isa = PBXFileReference; explicitFileType = wrapper.application; includeInIndex = 0; path = Lit.app; sourceTree = BUILT_PRODUCTS_DIR; };
		67EB931E1EC14CA600977B8D /* AppDelegate.swift */ = {isa = PBXFileReference; lastKnownFileType = sourcecode.swift; path = AppDelegate.swift; sourceTree = "<group>"; };
		67EB93201EC14CA600977B8D /* ViewController.swift */ = {isa = PBXFileReference; lastKnownFileType = sourcecode.swift; path = ViewController.swift; sourceTree = "<group>"; };
		67EB93231EC14CA600977B8D /* Base */ = {isa = PBXFileReference; lastKnownFileType = file.storyboard; name = Base; path = Base.lproj/Main.storyboard; sourceTree = "<group>"; };
		67EB93251EC14CA600977B8D /* Assets.xcassets */ = {isa = PBXFileReference; lastKnownFileType = folder.assetcatalog; path = Assets.xcassets; sourceTree = "<group>"; };
		67EB93281EC14CA600977B8D /* Base */ = {isa = PBXFileReference; lastKnownFileType = file.storyboard; name = Base; path = Base.lproj/LaunchScreen.storyboard; sourceTree = "<group>"; };
		67EB932A1EC14CA600977B8D /* Info.plist */ = {isa = PBXFileReference; lastKnownFileType = text.plist.xml; path = Info.plist; sourceTree = "<group>"; };
/* End PBXFileReference section */

/* Begin PBXFrameworksBuildPhase section */
		67EB93181EC14CA600977B8D /* Frameworks */ = {
			isa = PBXFrameworksBuildPhase;
			buildActionMask = 2147483647;
			files = (
			);
			runOnlyForDeploymentPostprocessing = 0;
		};
/* End PBXFrameworksBuildPhase section */

/* Begin PBXGroup section */
		67EB93121EC14CA600977B8D = {
			isa = PBXGroup;
			children = (
				67EB931D1EC14CA600977B8D /* Lit */,
				67EB931C1EC14CA600977B8D /* Products */,
			);
			sourceTree = "<group>";
		};
		67EB931C1EC14CA600977B8D /* Products */ = {
			isa = PBXGroup;
			children = (
				67EB931B1EC14CA600977B8D /* Lit.app */,
			);
			name = Products;
			sourceTree = "<group>";
		};
		67EB931D1EC14CA600977B8D /* Lit */ = {
			isa = PBXGroup;
			children = (
				67EB931E1EC14CA600977B8D /* AppDelegate.swift */,
				67EB93201EC14CA600977B8D /* ViewController.swift */,
				67EB93221EC14CA600977B8D /* Main.storyboard */,
				67EB93251EC14CA600977B8D /* Assets.xcassets */,
				67EB93271EC14CA600977B8D /* LaunchScreen.storyboard */,
				67EB932A1EC14CA600977B8D /* Info.plist */,
			);
			path = Lit;
			sourceTree = "<group>";
		};
/* End PBXGroup section */

/* Begin PBXNativeTarget section */
		67EB931A1EC14CA600977B8D /* Lit */ = {
			isa = PBXNativeTarget;
			buildConfigurationList = 67EB932D1EC14CA600977B8D /* Build configuration list for PBXNativeTarget "Lit" */;
			buildPhases = (
				67EB93171EC14CA600977B8D /* Sources */,
				67EB93181EC14CA600977B8D /* Frameworks */,
				67EB93191EC14CA600977B8D /* Resources */,
			);
			buildRules = (
			);
			dependencies = (
			);
			name = Lit;
			productName = Lit;
			productReference = 67EB931B1EC14CA600977B8D /* Lit.app */;
			productType = "com.apple.product-type.application";
		};
/* End PBXNativeTarget section */

/* Begin PBXProject section */
		67EB93131EC14CA600977B8D /* Project object */ = {
			isa = PBXProject;
			attributes = {
				LastSwiftUpdateCheck = 0830;
				LastUpgradeCheck = 0830;
				ORGANIZATIONNAME = "Alvin Cho";
				TargetAttributes = {
					67EB931A1EC14CA600977B8D = {
						CreatedOnToolsVersion = 8.3.2;
						ProvisioningStyle = Automatic;
					};
				};
			};
			buildConfigurationList = 67EB93161EC14CA600977B8D /* Build configuration list for PBXProject "Lit" */;
			compatibilityVersion = "Xcode 3.2";
			developmentRegion = English;
			hasScannedForEncodings = 0;
			knownRegions = (
				en,
				Base,
			);
			mainGroup = 67EB93121EC14CA600977B8D;
			productRefGroup = 67EB931C1EC14CA600977B8D /* Products */;
			projectDirPath = "";
			projectRoot = "";
			targets = (
				67EB931A1EC14CA600977B8D /* Lit */,
			);
		};
/* End PBXProject section */

/* Begin PBXResourcesBuildPhase section */
		67EB93191EC14CA600977B8D /* Resources */ = {
			isa = PBXResourcesBuildPhase;
			buildActionMask = 2147483647;
			files = (
				67EB93291EC14CA600977B8D /* LaunchScreen.storyboard in Resources */,
				67EB93261EC14CA600977B8D /* Assets.xcassets in Resources */,
				67EB93241EC14CA600977B8D /* Main.storyboard in Resources */,
			);
			runOnlyForDeploymentPostprocessing = 0;
		};
/* End PBXResourcesBuildPhase section */

/* Begin PBXSourcesBuildPhase section */
		67EB93171EC14CA600977B8D /* Sources */ = {
			isa = PBXSourcesBuildPhase;
			buildActionMask = 2147483647;
			files = (
				67EB93211EC14CA600977B8D /* ViewController.swift in Sources */,
				67EB931F1EC14CA600977B8D /* AppDelegate.swift in Sources */,
			);
			runOnlyForDeploymentPostprocessing = 0;
		};
/* End PBXSourcesBuildPhase section */

/* Begin PBXVariantGroup section */
		67EB93221EC14CA600977B8D /* Main.storyboard */ = {
			isa = PBXVariantGroup;
			children = (
				67EB93231EC14CA600977B8D /* Base */,
			);
			name = Main.storyboard;
			sourceTree = "<group>";
		};
		67EB93271EC14CA600977B8D /* LaunchScreen.storyboard */ = {
			isa = PBXVariantGroup;
			children = (
				67EB93281EC14CA600977B8D /* Base */,
			);
			name = LaunchScreen.storyboard;
			sourceTree = "<group>";
		};
/* End PBXVariantGroup section */

/* Begin XCBuildConfiguration section */
		67EB932B1EC14CA600977B8D /* Debug */ = {
			isa = XCBuildConfiguration;
			buildSettings = {
				ALWAYS_SEARCH_USER_PATHS = NO;
				CLANG_ANALYZER_NONNULL = YES;
				CLANG_ANALYZER_NUMBER_OBJECT_CONVERSION = YES_AGGRESSIVE;
				CLANG_CXX_LANGUAGE_STANDARD = "gnu++0x";
				CLANG_CXX_LIBRARY = "libc++";
				CLANG_ENABLE_MODULES = YES;
				CLANG_ENABLE_OBJC_ARC = YES;
				CLANG_WARN_BOOL_CONVERSION = YES;
				CLANG_WARN_CONSTANT_CONVERSION = YES;
				CLANG_WARN_DIRECT_OBJC_ISA_USAGE = YES_ERROR;
				CLANG_WARN_DOCUMENTATION_COMMENTS = YES;
				CLANG_WARN_EMPTY_BODY = YES;
				CLANG_WARN_ENUM_CONVERSION = YES;
				CLANG_WARN_INFINITE_RECURSION = YES;
				CLANG_WARN_INT_CONVERSION = YES;
				CLANG_WARN_OBJC_ROOT_CLASS = YES_ERROR;
				CLANG_WARN_SUSPICIOUS_MOVE = YES;
				CLANG_WARN_UNREACHABLE_CODE = YES;
				CLANG_WARN__DUPLICATE_METHOD_MATCH = YES;
				"CODE_SIGN_IDENTITY[sdk=iphoneos*]" = "iPhone Developer";
				COPY_PHASE_STRIP = NO;
				DEBUG_INFORMATION_FORMAT = dwarf;
				ENABLE_STRICT_OBJC_MSGSEND = YES;
				ENABLE_TESTABILITY = YES;
				GCC_C_LANGUAGE_STANDARD = gnu99;
				GCC_DYNAMIC_NO_PIC = NO;
				GCC_NO_COMMON_BLOCKS = YES;
				GCC_OPTIMIZATION_LEVEL = 0;
				GCC_PREPROCESSOR_DEFINITIONS = (
					"DEBUG=1",
					"$(inherited)",
				);
				GCC_WARN_64_TO_32_BIT_CONVERSION = YES;
				GCC_WARN_ABOUT_RETURN_TYPE = YES_ERROR;
				GCC_WARN_UNDECLARED_SELECTOR = YES;
				GCC_WARN_UNINITIALIZED_AUTOS = YES_AGGRESSIVE;
				GCC_WARN_UNUSED_FUNCTION = YES;
				GCC_WARN_UNUSED_VARIABLE = YES;
				IPHONEOS_DEPLOYMENT_TARGET = 10.3;
				MTL_ENABLE_DEBUG_INFO = YES;
				ONLY_ACTIVE_ARCH = YES;
				SDKROOT = iphoneos;
				SWIFT_ACTIVE_COMPILATION_CONDITIONS = DEBUG;
				SWIFT_OPTIMIZATION_LEVEL = "-Onone";
				TARGETED_DEVICE_FAMILY = "1,2";
			};
			name = Debug;
		};
		67EB932C1EC14CA600977B8D /* Release */ = {
			isa = XCBuildConfiguration;
			buildSettings = {
				ALWAYS_SEARCH_USER_PATHS = NO;
				CLANG_ANALYZER_NONNULL = YES;
				CLANG_ANALYZER_NUMBER_OBJECT_CONVERSION = YES_AGGRESSIVE;
				CLANG_CXX_LANGUAGE_STANDARD = "gnu++0x";
				CLANG_CXX_LIBRARY = "libc++";
				CLANG_ENABLE_MODULES = YES;
				CLANG_ENABLE_OBJC_ARC = YES;
				CLANG_WARN_BOOL_CONVERSION = YES;
				CLANG_WARN_CONSTANT_CONVERSION = YES;
				CLANG_WARN_DIRECT_OBJC_ISA_USAGE = YES_ERROR;
				CLANG_WARN_DOCUMENTATION_COMMENTS = YES;
				CLANG_WARN_EMPTY_BODY = YES;
				CLANG_WARN_ENUM_CONVERSION = YES;
				CLANG_WARN_INFINITE_RECURSION = YES;
				CLANG_WARN_INT_CONVERSION = YES;
				CLANG_WARN_OBJC_ROOT_CLASS = YES_ERROR;
				CLANG_WARN_SUSPICIOUS_MOVE = YES;
				CLANG_WARN_UNREACHABLE_CODE = YES;
				CLANG_WARN__DUPLICATE_METHOD_MATCH = YES;
				"CODE_SIGN_IDENTITY[sdk=iphoneos*]" = "iPhone Developer";
				COPY_PHASE_STRIP = NO;
				DEBUG_INFORMATION_FORMAT = "dwarf-with-dsym";
				ENABLE_NS_ASSERTIONS = NO;
				ENABLE_STRICT_OBJC_MSGSEND = YES;
				GCC_C_LANGUAGE_STANDARD = gnu99;
				GCC_NO_COMMON_BLOCKS = YES;
				GCC_WARN_64_TO_32_BIT_CONVERSION = YES;
				GCC_WARN_ABOUT_RETURN_TYPE = YES_ERROR;
				GCC_WARN_UNDECLARED_SELECTOR = YES;
				GCC_WARN_UNINITIALIZED_AUTOS = YES_AGGRESSIVE;
				GCC_WARN_UNUSED_FUNCTION = YES;
				GCC_WARN_UNUSED_VARIABLE = YES;
				IPHONEOS_DEPLOYMENT_TARGET = 10.3;
				MTL_ENABLE_DEBUG_INFO = NO;
				SDKROOT = iphoneos;
				SWIFT_OPTIMIZATION_LEVEL = "-Owholemodule";
				TARGETED_DEVICE_FAMILY = "1,2";
				VALIDATE_PRODUCT = YES;
			};
			name = Release;
		};
		67EB932E1EC14CA600977B8D /* Debug */ = {
			isa = XCBuildConfiguration;
			buildSettings = {
				ASSETCATALOG_COMPILER_APPICON_NAME = AppIcon;
				INFOPLIST_FILE = Lit/Info.plist;
				LD_RUNPATH_SEARCH_PATHS = "$(inherited) @executable_path/Frameworks";
				PRODUCT_BUNDLE_IDENTIFIER = com.alvincho.Lit;
				PRODUCT_NAME = "$(TARGET_NAME)";
				SWIFT_VERSION = 3.0;
			};
			name = Debug;
		};
		67EB932F1EC14CA600977B8D /* Release */ = {
			isa = XCBuildConfiguration;
			buildSettings = {
				ASSETCATALOG_COMPILER_APPICON_NAME = AppIcon;
				INFOPLIST_FILE = Lit/Info.plist;
				LD_RUNPATH_SEARCH_PATHS = "$(inherited) @executable_path/Frameworks";
				PRODUCT_BUNDLE_IDENTIFIER = com.alvincho.Lit;
				PRODUCT_NAME = "$(TARGET_NAME)";
				SWIFT_VERSION = 3.0;
			};
			name = Release;
		};
/* End XCBuildConfiguration section */

/* Begin XCConfigurationList section */
		67EB93161EC14CA600977B8D /* Build configuration list for PBXProject "Lit" */ = {
			isa = XCConfigurationList;
			buildConfigurations = (
				67EB932B1EC14CA600977B8D /* Debug */,
				67EB932C1EC14CA600977B8D /* Release */,
			);
			defaultConfigurationIsVisible = 0;
			defaultConfigurationName = Release;
		};
		67EB932D1EC14CA600977B8D /* Build configuration list for PBXNativeTarget "Lit" */ = {
			isa = XCConfigurationList;
			buildConfigurations = (
				67EB932E1EC14CA600977B8D /* Debug */,
				67EB932F1EC14CA600977B8D /* Release */,
			);
			defaultConfigurationIsVisible = 0;
		};
/* End XCConfigurationList section */
	};
	rootObject = 67EB93131EC14CA600977B8D /* Project object */;
}
